
Microsoft Visual Studio Solution File, Format Version 12.00
# Visual Studio 15
Project("{FAE04EC0-301F-11D3-BF4B-00C04F79EFBC}") = "Unity.Timeline", "Unity.Timeline.csproj", "{F768E738-46E6-D93C-BC74-E94C5EC0C3D2}"
EndProject
Project("{FAE04EC0-301F-11D3-BF4B-00C04F79EFBC}") = "Unity.InputSystem", "Unity.InputSystem.csproj", "{419C2BBC-C5FF-2E9D-1CD1-88B5A07B6CE9}"
EndProject
Project("{FAE04EC0-301F-11D3-BF4B-00C04F79EFBC}") = "Unity.ShaderGraph.Editor", "Unity.ShaderGraph.Editor.csproj", "{F129A62C-03BD-BB29-5B58-1ED85D49F246}"
EndProject
Project("{FAE04EC0-301F-11D3-BF4B-00C04F79EFBC}") = "Unity.2D.Aseprite.Editor", "Unity.2D.Aseprite.Editor.csproj", "{8E64042C-8E8A-1810-8EA9-FB711B6FCE70}"
EndProject
Project("{FAE04EC0-301F-11D3-BF4B-00C04F79EFBC}") = "Unity.VisualScripting.Flow", "Unity.VisualScripting.Flow.csproj", "{39F0CBD4-ACFB-8661-5502-23581BBBD2AA}"
EndProject
Project("{FAE04EC0-301F-11D3-BF4B-00C04F79EFBC}") = "Unity.RenderPipelines.Universal.Runtime", "Unity.RenderPipelines.Universal.Runtime.csproj", "{5A13774B-05BE-4071-1CE9-DC0385E6858F}"
EndProject
Project("{FAE04EC0-301F-11D3-BF4B-00C04F79EFBC}") = "UnityEditor.UI", "UnityEditor.UI.csproj", "{AC22C775-5D2E-68EB-15CE-C6A0E983B0F2}"
EndProject
Project("{FAE04EC0-301F-11D3-BF4B-00C04F79EFBC}") = "Unity.Timeline.Editor", "Unity.Timeline.Editor.csproj", "{2DC91313-E363-8DF6-1CDA-A998ACE96311}"
EndProject
Project("{FAE04EC0-301F-11D3-BF4B-00C04F79EFBC}") = "Unity.PlasticSCM.Editor", "Unity.PlasticSCM.Editor.csproj", "{48D50C76-AC83-1C04-6922-0FB47BAB5EF0}"
EndProject
Project("{FAE04EC0-301F-11D3-BF4B-00C04F79EFBC}") = "Unity.RenderPipelines.Core.Runtime", "Unity.RenderPipelines.Core.Runtime.csproj", "{1ECEF626-0538-2AF1-D06D-A633BA66DBA7}"
EndProject
Project("{FAE04EC0-301F-11D3-BF4B-00C04F79EFBC}") = "Unity.Mathematics", "Unity.Mathematics.csproj", "{8EDE3DBE-5258-B7BD-94FA-7B4BE898C2B2}"
EndProject
Project("{FAE04EC0-301F-11D3-BF4B-00C04F79EFBC}") = "Unity.RenderPipelines.Core.Editor", "Unity.RenderPipelines.Core.Editor.csproj", "{91C5485E-4821-0F27-A017-19360CAB3564}"
EndProject
Project("{FAE04EC0-301F-11D3-BF4B-00C04F79EFBC}") = "Unity.2D.Common.Path.Editor", "Unity.2D.Common.Path.Editor.csproj", "{0E9B0444-681F-DDFC-8124-FBE9431FB142}"
EndProject
Project("{FAE04EC0-301F-11D3-BF4B-00C04F79EFBC}") = "Unity.2D.Psdimporter.Editor", "Unity.2D.Psdimporter.Editor.csproj", "{CBB50410-28F2-9403-B833-0942D371F248}"
EndProject
Project("{FAE04EC0-301F-11D3-BF4B-00C04F79EFBC}") = "Unity.VisualScripting.Core.Editor", "Unity.VisualScripting.Core.Editor.csproj", "{BA80CAE6-D6B4-8722-FE46-985A8C4BCF3B}"
EndProject
Project("{FAE04EC0-301F-11D3-BF4B-00C04F79EFBC}") = "Unity.2D.IK.Runtime", "Unity.2D.IK.Runtime.csproj", "{6367E608-3E78-AC33-3743-329492595E4C}"
EndProject
Project("{FAE04EC0-301F-11D3-BF4B-00C04F79EFBC}") = "UnityEditor.TestRunner", "UnityEditor.TestRunner.csproj", "{56FE766F-D382-8C85-C54F-473CA602680E}"
EndProject
Project("{FAE04EC0-301F-11D3-BF4B-00C04F79EFBC}") = "Unity.RenderPipelines.Universal.Editor", "Unity.RenderPipelines.Universal.Editor.csproj", "{B20D9F6C-8CD6-8B88-3F29-964110AB715C}"
EndProject
Project("{FAE04EC0-301F-11D3-BF4B-00C04F79EFBC}") = "Unity.TextMeshPro.Editor", "Unity.TextMeshPro.Editor.csproj", "{63BA3A66-0764-19E7-B3F1-2AAA90FA9EE2}"
EndProject
Project("{FAE04EC0-301F-11D3-BF4B-00C04F79EFBC}") = "Unity.VisualScripting.Flow.Editor", "Unity.VisualScripting.Flow.Editor.csproj", "{A57E90FE-F223-7102-4AFB-D6A447DE2F8C}"
EndProject
Project("{FAE04EC0-301F-11D3-BF4B-00C04F79EFBC}") = "UnityEngine.TestRunner", "UnityEngine.TestRunner.csproj", "{6DF37DF8-EDF8-7C59-1792-9EA4E5BD83EC}"
EndProject
Project("{FAE04EC0-301F-11D3-BF4B-00C04F79EFBC}") = "Unity.VisualScripting.Core", "Unity.VisualScripting.Core.csproj", "{F9CCAF46-CC3D-F125-E7ED-C971F39C4B44}"
EndProject
Project("{FAE04EC0-301F-11D3-BF4B-00C04F79EFBC}") = "Unity.2D.Tilemap.Editor", "Unity.2D.Tilemap.Editor.csproj", "{D9A3BA40-2417-6512-E34F-7B21132880C2}"
EndProject
Project("{FAE04EC0-301F-11D3-BF4B-00C04F79EFBC}") = "Unity.Searcher.Editor", "Unity.Searcher.Editor.csproj", "{7C404F7C-FCD8-7439-EAB2-698CEE68B227}"
EndProject
Project("{FAE04EC0-301F-11D3-BF4B-00C04F79EFBC}") = "Unity.Burst", "Unity.Burst.csproj", "{4B0643CC-6589-2883-6903-DD92085ED6DE}"
EndProject
Project("{FAE04EC0-301F-11D3-BF4B-00C04F79EFBC}") = "PsdPlugin", "PsdPlugin.csproj", "{C7AD4628-DAA7-AD1C-2809-652C13DCC0C9}"
EndProject
Project("{FAE04EC0-301F-11D3-BF4B-00C04F79EFBC}") = "Unity.Collections", "Unity.Collections.csproj", "{DE397B7D-1650-E340-C2F9-6CEBFC4CDD8B}"
EndProject
Project("{FAE04EC0-301F-11D3-BF4B-00C04F79EFBC}") = "Unity.2D.Animation.Editor", "Unity.2D.Animation.Editor.csproj", "{CD2EADAC-8E45-A1EC-B75C-5C3F1B6A44BD}"
EndProject
Project("{FAE04EC0-301F-11D3-BF4B-00C04F79EFBC}") = "Unity.2D.SpriteShape.Editor", "Unity.2D.SpriteShape.Editor.csproj", "{E00232E5-AFAB-CCA0-709B-38A48AB0EC27}"
EndProject
Project("{FAE04EC0-301F-11D3-BF4B-00C04F79EFBC}") = "Unity.VisualStudio.Editor", "Unity.VisualStudio.Editor.csproj", "{60C42184-4045-8C31-E673-FD365F391B87}"
EndProject
Project("{FAE04EC0-301F-11D3-BF4B-00C04F79EFBC}") = "PPv2URPConverters", "PPv2URPConverters.csproj", "{5CF8F9D0-140E-87D3-6BDB-F1C8FB57E066}"
EndProject
Project("{FAE04EC0-301F-11D3-BF4B-00C04F79EFBC}") = "Unity.Rider.Editor", "Unity.Rider.Editor.csproj", "{0BC1FF7A-20FE-01A1-A3ED-D7F52DDD0570}"
EndProject
Project("{FAE04EC0-301F-11D3-BF4B-00C04F79EFBC}") = "Unity.InternalAPIEditorBridge.001", "Unity.InternalAPIEditorBridge.001.csproj", "{4E442956-16BB-271E-7DED-03000CC65D28}"
EndProject
Project("{FAE04EC0-301F-11D3-BF4B-00C04F79EFBC}") = "Unity.2D.SpriteShape.Runtime", "Unity.2D.SpriteShape.Runtime.csproj", "{291CF5E5-ED3B-673A-F386-47DAE204026E}"
EndProject
Project("{FAE04EC0-301F-11D3-BF4B-00C04F79EFBC}") = "Unity.VisualScripting.State.Editor", "Unity.VisualScripting.State.Editor.csproj", "{B90FA48C-067C-03BD-3A49-528B2483D813}"
EndProject
Project("{FAE04EC0-301F-11D3-BF4B-00C04F79EFBC}") = "UnityEngine.UI", "UnityEngine.UI.csproj", "{1CFE3158-CDAE-A1C2-4C3F-A6EB30C157CD}"
EndProject
Project("{FAE04EC0-301F-11D3-BF4B-00C04F79EFBC}") = "Unity.Burst.CodeGen", "Unity.Burst.CodeGen.csproj", "{F613C4A5-0028-F293-6959-F5DC0B03DF72}"
EndProject
Project("{FAE04EC0-301F-11D3-BF4B-00C04F79EFBC}") = "Unity.RenderPipeline.Universal.ShaderLibrary", "Unity.RenderPipeline.Universal.ShaderLibrary.csproj", "{BA72A1C8-5A6C-1F24-BE8F-FF24A91BB282}"
EndProject
Project("{FAE04EC0-301F-11D3-BF4B-00C04F79EFBC}") = "Unity.VisualScripting.State", "Unity.VisualScripting.State.csproj", "{82AC8433-988F-9347-72A1-5B67D638E506}"
EndProject
Project("{FAE04EC0-301F-11D3-BF4B-00C04F79EFBC}") = "Unity.TextMeshPro", "Unity.TextMeshPro.csproj", "{1472A315-066D-B05C-B0F5-35558912F891}"
EndProject
Project("{FAE04EC0-301F-11D3-BF4B-00C04F79EFBC}") = "Unity.2D.Tilemap.Extras.Editor", "Unity.2D.Tilemap.Extras.Editor.csproj", "{66A09A71-6C66-FD5F-2124-881FAFC2EA10}"
EndProject
Project("{FAE04EC0-301F-11D3-BF4B-00C04F79EFBC}") = "Unity.2D.Animation.Runtime", "Unity.2D.Animation.Runtime.csproj", "{3D39FF4E-33E1-815F-BC9D-BF270447227F}"
EndProject
Project("{FAE04EC0-301F-11D3-BF4B-00C04F79EFBC}") = "Unity.VisualScripting.SettingsProvider.Editor", "Unity.VisualScripting.SettingsProvider.Editor.csproj", "{8F346139-B29E-3BCC-D19C-58D66723A950}"
EndProject
Project("{FAE04EC0-301F-11D3-BF4B-00C04F79EFBC}") = "Unity.2D.IK.Editor", "Unity.2D.IK.Editor.csproj", "{4FD2AE7A-8501-ACE6-64AB-E3817CE4B1F1}"
EndProject
Project("{FAE04EC0-301F-11D3-BF4B-00C04F79EFBC}") = "Unity.InternalAPIEngineBridge.001", "Unity.InternalAPIEngineBridge.001.csproj", "{CDA500C6-FA7E-D936-BFC0-104C498506A4}"
EndProject
Project("{FAE04EC0-301F-11D3-BF4B-00C04F79EFBC}") = "Unity.2D.Aseprite.Common", "Unity.2D.Aseprite.Common.csproj", "{6E6CFAAA-CD1F-D02E-8C90-E5CE6F4F0AF8}"
EndProject
Project("{FAE04EC0-301F-11D3-BF4B-00C04F79EFBC}") = "Unity.Burst.Editor", "Unity.Burst.Editor.csproj", "{7639952F-8864-AA7A-273C-CB08DB466DAC}"
EndProject
Project("{FAE04EC0-301F-11D3-BF4B-00C04F79EFBC}") = "Unity.2D.Common.Editor", "Unity.2D.Common.Editor.csproj", "{F0BBE8A6-BCBC-F044-611B-1DC2BD0DB222}"
EndProject
Project("{FAE04EC0-301F-11D3-BF4B-00C04F79EFBC}") = "Unity.2D.PixelPerfect", "Unity.2D.PixelPerfect.csproj", "{088AD48F-5181-3370-B5E9-DB3440EA153E}"
EndProject
Project("{FAE04EC0-301F-11D3-BF4B-00C04F79EFBC}") = "Unity.2D.PixelPerfect.Editor", "Unity.2D.PixelPerfect.Editor.csproj", "{ADD2E87F-C5C1-5AF8-078D-A679257B1BC4}"
EndProject
Project("{FAE04EC0-301F-11D3-BF4B-00C04F79EFBC}") = "Unity.2D.Common.Runtime", "Unity.2D.Common.Runtime.csproj", "{FA233C72-F692-2023-70A7-78ECC12EA930}"
EndProject
Project("{FAE04EC0-301F-11D3-BF4B-00C04F79EFBC}") = "Unity.2D.Sprite.Editor", "Unity.2D.Sprite.Editor.csproj", "{1F06840F-AF0E-E621-1F3F-D7F109475FED}"
EndProject
Project("{FAE04EC0-301F-11D3-BF4B-00C04F79EFBC}") = "Unity.InputSystem.ForUI", "Unity.InputSystem.ForUI.csproj", "{B44C3676-511C-86CE-9760-BBB78330ECD0}"
EndProject
Project("{FAE04EC0-301F-11D3-BF4B-00C04F79EFBC}") = "Unity.Mathematics.Editor", "Unity.Mathematics.Editor.csproj", "{CC19F021-4A38-2F4A-AB80-3F99E59D715D}"
EndProject
Project("{FAE04EC0-301F-11D3-BF4B-00C04F79EFBC}") = "Unity.2D.Tilemap.Extras", "Unity.2D.Tilemap.Extras.csproj", "{099D1888-E371-C4A3-7001-633484698C88}"
EndProject
Project("{FAE04EC0-301F-11D3-BF4B-00C04F79EFBC}") = "Unity.InputSystem.TestFramework", "Unity.InputSystem.TestFramework.csproj", "{159F6107-2E12-65FC-EC6D-3A8F5B454B6F}"
EndProject
Project("{FAE04EC0-301F-11D3-BF4B-00C04F79EFBC}") = "Unity.InternalAPIEditorBridge.005", "Unity.InternalAPIEditorBridge.005.csproj", "{5E004B51-1037-C4B6-74E5-E25647275CA6}"
EndProject
Project("{FAE04EC0-301F-11D3-BF4B-00C04F79EFBC}") = "Unity.ShaderGraph.Utilities", "Unity.ShaderGraph.Utilities.csproj", "{0636B659-E46D-A65B-E732-511688204FA9}"
EndProject
Project("{FAE04EC0-301F-11D3-BF4B-00C04F79EFBC}") = "Unity.VisualScripting.Shared.Editor", "Unity.VisualScripting.Shared.Editor.csproj", "{E4127E9C-D970-4D52-83E7-E9061BF20CEB}"
EndProject
Project("{FAE04EC0-301F-11D3-BF4B-00C04F79EFBC}") = "Unity.Collections.DocCodeSamples", "Unity.Collections.DocCodeSamples.csproj", "{40A900E3-202A-639F-238F-961E79C1E5F3}"
EndProject
Project("{FAE04EC0-301F-11D3-BF4B-00C04F79EFBC}") = "Assembly-CSharp", "Assembly-CSharp.csproj", "{A2105FB8-384D-4755-8156-5487B39FFFD6}"
EndProject
Project("{FAE04EC0-301F-11D3-BF4B-00C04F79EFBC}") = "Unity.Collections.BurstCompatibilityGen", "Unity.Collections.BurstCompatibilityGen.csproj", "{5311B6AB-CF35-C182-81F0-C0DA23427F28}"
EndProject
Project("{FAE04EC0-301F-11D3-BF4B-00C04F79EFBC}") = "Unity.CollabProxy.Editor", "Unity.CollabProxy.Editor.csproj", "{E5A96A78-9837-CCB3-DAC6-325CBF423843}"
EndProject
Project("{FAE04EC0-301F-11D3-BF4B-00C04F79EFBC}") = "Unity.RenderPipelines.ShaderGraph.ShaderGraphLibrary", "Unity.RenderPipelines.ShaderGraph.ShaderGraphLibrary.csproj", "{7C1F1CD2-09A1-BD2B-20CE-52631B8A4FB5}"
EndProject
Project("{FAE04EC0-301F-11D3-BF4B-00C04F79EFBC}") = "Unity.RenderPipelines.Core.ShaderLibrary", "Unity.RenderPipelines.Core.ShaderLibrary.csproj", "{057C0000-7C70-54A6-A212-B5549ED53371}"
EndProject
Project("{FAE04EC0-301F-11D3-BF4B-00C04F79EFBC}") = "Unity.RenderPipelines.Universal.Shaders", "Unity.RenderPipelines.Universal.Shaders.csproj", "{6B21C1B4-6388-5BA8-8110-C3F827B10CC9}"
EndProject
Global
	GlobalSection(SolutionConfigurationPlatforms) = preSolution
		Debug|Any CPU = Debug|Any CPU
		Release|Any CPU = Release|Any CPU
	EndGlobalSection
	GlobalSection(ProjectConfigurationPlatforms) = postSolution
		{F768E738-46E6-D93C-BC74-E94C5EC0C3D2}.Debug|Any CPU.ActiveCfg = Debug|Any CPU
		{F768E738-46E6-D93C-BC74-E94C5EC0C3D2}.Debug|Any CPU.Build.0 = Debug|Any CPU
		{F768E738-46E6-D93C-BC74-E94C5EC0C3D2}.Release|Any CPU.ActiveCfg = Release|Any CPU
		{F768E738-46E6-D93C-BC74-E94C5EC0C3D2}.Release|Any CPU.Build.0 = Release|Any CPU
		{419C2BBC-C5FF-2E9D-1CD1-88B5A07B6CE9}.Debug|Any CPU.ActiveCfg = Debug|Any CPU
		{419C2BBC-C5FF-2E9D-1CD1-88B5A07B6CE9}.Debug|Any CPU.Build.0 = Debug|Any CPU
		{419C2BBC-C5FF-2E9D-1CD1-88B5A07B6CE9}.Release|Any CPU.ActiveCfg = Release|Any CPU
		{419C2BBC-C5FF-2E9D-1CD1-88B5A07B6CE9}.Release|Any CPU.Build.0 = Release|Any CPU
		{F129A62C-03BD-BB29-5B58-1ED85D49F246}.Debug|Any CPU.ActiveCfg = Debug|Any CPU
		{F129A62C-03BD-BB29-5B58-1ED85D49F246}.Debug|Any CPU.Build.0 = Debug|Any CPU
		{F129A62C-03BD-BB29-5B58-1ED85D49F246}.Release|Any CPU.ActiveCfg = Release|Any CPU
		{F129A62C-03BD-BB29-5B58-1ED85D49F246}.Release|Any CPU.Build.0 = Release|Any CPU
		{8E64042C-8E8A-1810-8EA9-FB711B6FCE70}.Debug|Any CPU.ActiveCfg = Debug|Any CPU
		{8E64042C-8E8A-1810-8EA9-FB711B6FCE70}.Debug|Any CPU.Build.0 = Debug|Any CPU
		{8E64042C-8E8A-1810-8EA9-FB711B6FCE70}.Release|Any CPU.ActiveCfg = Release|Any CPU
		{8E64042C-8E8A-1810-8EA9-FB711B6FCE70}.Release|Any CPU.Build.0 = Release|Any CPU
		{39F0CBD4-ACFB-8661-5502-23581BBBD2AA}.Debug|Any CPU.ActiveCfg = Debug|Any CPU
		{39F0CBD4-ACFB-8661-5502-23581BBBD2AA}.Debug|Any CPU.Build.0 = Debug|Any CPU
		{39F0CBD4-ACFB-8661-5502-23581BBBD2AA}.Release|Any CPU.ActiveCfg = Release|Any CPU
		{39F0CBD4-ACFB-8661-5502-23581BBBD2AA}.Release|Any CPU.Build.0 = Release|Any CPU
		{5A13774B-05BE-4071-1CE9-DC0385E6858F}.Debug|Any CPU.ActiveCfg = Debug|Any CPU
		{5A13774B-05BE-4071-1CE9-DC0385E6858F}.Debug|Any CPU.Build.0 = Debug|Any CPU
		{5A13774B-05BE-4071-1CE9-DC0385E6858F}.Release|Any CPU.ActiveCfg = Release|Any CPU
		{5A13774B-05BE-4071-1CE9-DC0385E6858F}.Release|Any CPU.Build.0 = Release|Any CPU
		{AC22C775-5D2E-68EB-15CE-C6A0E983B0F2}.Debug|Any CPU.ActiveCfg = Debug|Any CPU
		{AC22C775-5D2E-68EB-15CE-C6A0E983B0F2}.Debug|Any CPU.Build.0 = Debug|Any CPU
		{AC22C775-5D2E-68EB-15CE-C6A0E983B0F2}.Release|Any CPU.ActiveCfg = Release|Any CPU
		{AC22C775-5D2E-68EB-15CE-C6A0E983B0F2}.Release|Any CPU.Build.0 = Release|Any CPU
		{2DC91313-E363-8DF6-1CDA-A998ACE96311}.Debug|Any CPU.ActiveCfg = Debug|Any CPU
		{2DC91313-E363-8DF6-1CDA-A998ACE96311}.Debug|Any CPU.Build.0 = Debug|Any CPU
		{2DC91313-E363-8DF6-1CDA-A998ACE96311}.Release|Any CPU.ActiveCfg = Release|Any CPU
		{2DC91313-E363-8DF6-1CDA-A998ACE96311}.Release|Any CPU.Build.0 = Release|Any CPU
		{48D50C76-AC83-1C04-6922-0FB47BAB5EF0}.Debug|Any CPU.ActiveCfg = Debug|Any CPU
		{48D50C76-AC83-1C04-6922-0FB47BAB5EF0}.Debug|Any CPU.Build.0 = Debug|Any CPU
		{48D50C76-AC83-1C04-6922-0FB47BAB5EF0}.Release|Any CPU.ActiveCfg = Release|Any CPU
		{48D50C76-AC83-1C04-6922-0FB47BAB5EF0}.Release|Any CPU.Build.0 = Release|Any CPU
		{1ECEF626-0538-2AF1-D06D-A633BA66DBA7}.Debug|Any CPU.ActiveCfg = Debug|Any CPU
		{1ECEF626-0538-2AF1-D06D-A633BA66DBA7}.Debug|Any CPU.Build.0 = Debug|Any CPU
		{1ECEF626-0538-2AF1-D06D-A633BA66DBA7}.Release|Any CPU.ActiveCfg = Release|Any CPU
		{1ECEF626-0538-2AF1-D06D-A633BA66DBA7}.Release|Any CPU.Build.0 = Release|Any CPU
		{8EDE3DBE-5258-B7BD-94FA-7B4BE898C2B2}.Debug|Any CPU.ActiveCfg = Debug|Any CPU
		{8EDE3DBE-5258-B7BD-94FA-7B4BE898C2B2}.Debug|Any CPU.Build.0 = Debug|Any CPU
		{8EDE3DBE-5258-B7BD-94FA-7B4BE898C2B2}.Release|Any CPU.ActiveCfg = Release|Any CPU
		{8EDE3DBE-5258-B7BD-94FA-7B4BE898C2B2}.Release|Any CPU.Build.0 = Release|Any CPU
		{91C5485E-4821-0F27-A017-19360CAB3564}.Debug|Any CPU.ActiveCfg = Debug|Any CPU
		{91C5485E-4821-0F27-A017-19360CAB3564}.Debug|Any CPU.Build.0 = Debug|Any CPU
		{91C5485E-4821-0F27-A017-19360CAB3564}.Release|Any CPU.ActiveCfg = Release|Any CPU
		{91C5485E-4821-0F27-A017-19360CAB3564}.Release|Any CPU.Build.0 = Release|Any CPU
		{0E9B0444-681F-DDFC-8124-FBE9431FB142}.Debug|Any CPU.ActiveCfg = Debug|Any CPU
		{0E9B0444-681F-DDFC-8124-FBE9431FB142}.Debug|Any CPU.Build.0 = Debug|Any CPU
		{0E9B0444-681F-DDFC-8124-FBE9431FB142}.Release|Any CPU.ActiveCfg = Release|Any CPU
		{0E9B0444-681F-DDFC-8124-FBE9431FB142}.Release|Any CPU.Build.0 = Release|Any CPU
		{CBB50410-28F2-9403-B833-0942D371F248}.Debug|Any CPU.ActiveCfg = Debug|Any CPU
		{CBB50410-28F2-9403-B833-0942D371F248}.Debug|Any CPU.Build.0 = Debug|Any CPU
		{CBB50410-28F2-9403-B833-0942D371F248}.Release|Any CPU.ActiveCfg = Release|Any CPU
		{CBB50410-28F2-9403-B833-0942D371F248}.Release|Any CPU.Build.0 = Release|Any CPU
		{BA80CAE6-D6B4-8722-FE46-985A8C4BCF3B}.Debug|Any CPU.ActiveCfg = Debug|Any CPU
		{BA80CAE6-D6B4-8722-FE46-985A8C4BCF3B}.Debug|Any CPU.Build.0 = Debug|Any CPU
		{BA80CAE6-D6B4-8722-FE46-985A8C4BCF3B}.Release|Any CPU.ActiveCfg = Release|Any CPU
		{BA80CAE6-D6B4-8722-FE46-985A8C4BCF3B}.Release|Any CPU.Build.0 = Release|Any CPU
		{6367E608-3E78-AC33-3743-329492595E4C}.Debug|Any CPU.ActiveCfg = Debug|Any CPU
		{6367E608-3E78-AC33-3743-329492595E4C}.Debug|Any CPU.Build.0 = Debug|Any CPU
		{6367E608-3E78-AC33-3743-329492595E4C}.Release|Any CPU.ActiveCfg = Release|Any CPU
		{6367E608-3E78-AC33-3743-329492595E4C}.Release|Any CPU.Build.0 = Release|Any CPU
		{56FE766F-D382-8C85-C54F-473CA602680E}.Debug|Any CPU.ActiveCfg = Debug|Any CPU
		{56FE766F-D382-8C85-C54F-473CA602680E}.Debug|Any CPU.Build.0 = Debug|Any CPU
		{56FE766F-D382-8C85-C54F-473CA602680E}.Release|Any CPU.ActiveCfg = Release|Any CPU
		{56FE766F-D382-8C85-C54F-473CA602680E}.Release|Any CPU.Build.0 = Release|Any CPU
		{B20D9F6C-8CD6-8B88-3F29-964110AB715C}.Debug|Any CPU.ActiveCfg = Debug|Any CPU
		{B20D9F6C-8CD6-8B88-3F29-964110AB715C}.Debug|Any CPU.Build.0 = Debug|Any CPU
		{B20D9F6C-8CD6-8B88-3F29-964110AB715C}.Release|Any CPU.ActiveCfg = Release|Any CPU
		{B20D9F6C-8CD6-8B88-3F29-964110AB715C}.Release|Any CPU.Build.0 = Release|Any CPU
		{63BA3A66-0764-19E7-B3F1-2AAA90FA9EE2}.Debug|Any CPU.ActiveCfg = Debug|Any CPU
		{63BA3A66-0764-19E7-B3F1-2AAA90FA9EE2}.Debug|Any CPU.Build.0 = Debug|Any CPU
		{63BA3A66-0764-19E7-B3F1-2AAA90FA9EE2}.Release|Any CPU.ActiveCfg = Release|Any CPU
		{63BA3A66-0764-19E7-B3F1-2AAA90FA9EE2}.Release|Any CPU.Build.0 = Release|Any CPU
		{A57E90FE-F223-7102-4AFB-D6A447DE2F8C}.Debug|Any CPU.ActiveCfg = Debug|Any CPU
		{A57E90FE-F223-7102-4AFB-D6A447DE2F8C}.Debug|Any CPU.Build.0 = Debug|Any CPU
		{A57E90FE-F223-7102-4AFB-D6A447DE2F8C}.Release|Any CPU.ActiveCfg = Release|Any CPU
		{A57E90FE-F223-7102-4AFB-D6A447DE2F8C}.Release|Any CPU.Build.0 = Release|Any CPU
		{6DF37DF8-EDF8-7C59-1792-9EA4E5BD83EC}.Debug|Any CPU.ActiveCfg = Debug|Any CPU
		{6DF37DF8-EDF8-7C59-1792-9EA4E5BD83EC}.Debug|Any CPU.Build.0 = Debug|Any CPU
		{6DF37DF8-EDF8-7C59-1792-9EA4E5BD83EC}.Release|Any CPU.ActiveCfg = Release|Any CPU
		{6DF37DF8-EDF8-7C59-1792-9EA4E5BD83EC}.Release|Any CPU.Build.0 = Release|Any CPU
		{F9CCAF46-CC3D-F125-E7ED-C971F39C4B44}.Debug|Any CPU.ActiveCfg = Debug|Any CPU
		{F9CCAF46-CC3D-F125-E7ED-C971F39C4B44}.Debug|Any CPU.Build.0 = Debug|Any CPU
		{F9CCAF46-CC3D-F125-E7ED-C971F39C4B44}.Release|Any CPU.ActiveCfg = Release|Any CPU
		{F9CCAF46-CC3D-F125-E7ED-C971F39C4B44}.Release|Any CPU.Build.0 = Release|Any CPU
		{D9A3BA40-2417-6512-E34F-7B21132880C2}.Debug|Any CPU.ActiveCfg = Debug|Any CPU
		{D9A3BA40-2417-6512-E34F-7B21132880C2}.Debug|Any CPU.Build.0 = Debug|Any CPU
		{D9A3BA40-2417-6512-E34F-7B21132880C2}.Release|Any CPU.ActiveCfg = Release|Any CPU
		{D9A3BA40-2417-6512-E34F-7B21132880C2}.Release|Any CPU.Build.0 = Release|Any CPU
		{7C404F7C-FCD8-7439-EAB2-698CEE68B227}.Debug|Any CPU.ActiveCfg = Debug|Any CPU
		{7C404F7C-FCD8-7439-EAB2-698CEE68B227}.Debug|Any CPU.Build.0 = Debug|Any CPU
		{7C404F7C-FCD8-7439-EAB2-698CEE68B227}.Release|Any CPU.ActiveCfg = Release|Any CPU
		{7C404F7C-FCD8-7439-EAB2-698CEE68B227}.Release|Any CPU.Build.0 = Release|Any CPU
		{4B0643CC-6589-2883-6903-DD92085ED6DE}.Debug|Any CPU.ActiveCfg = Debug|Any CPU
		{4B0643CC-6589-2883-6903-DD92085ED6DE}.Debug|Any CPU.Build.0 = Debug|Any CPU
		{4B0643CC-6589-2883-6903-DD92085ED6DE}.Release|Any CPU.ActiveCfg = Release|Any CPU
		{4B0643CC-6589-2883-6903-DD92085ED6DE}.Release|Any CPU.Build.0 = Release|Any CPU
		{C7AD4628-DAA7-AD1C-2809-652C13DCC0C9}.Debug|Any CPU.ActiveCfg = Debug|Any CPU
		{C7AD4628-DAA7-AD1C-2809-652C13DCC0C9}.Debug|Any CPU.Build.0 = Debug|Any CPU
		{C7AD4628-DAA7-AD1C-2809-652C13DCC0C9}.Release|Any CPU.ActiveCfg = Release|Any CPU
		{C7AD4628-DAA7-AD1C-2809-652C13DCC0C9}.Release|Any CPU.Build.0 = Release|Any CPU
		{DE397B7D-1650-E340-C2F9-6CEBFC4CDD8B}.Debug|Any CPU.ActiveCfg = Debug|Any CPU
		{DE397B7D-1650-E340-C2F9-6CEBFC4CDD8B}.Debug|Any CPU.Build.0 = Debug|Any CPU
		{DE397B7D-1650-E340-C2F9-6CEBFC4CDD8B}.Release|Any CPU.ActiveCfg = Release|Any CPU
		{DE397B7D-1650-E340-C2F9-6CEBFC4CDD8B}.Release|Any CPU.Build.0 = Release|Any CPU
		{CD2EADAC-8E45-A1EC-B75C-5C3F1B6A44BD}.Debug|Any CPU.ActiveCfg = Debug|Any CPU
		{CD2EADAC-8E45-A1EC-B75C-5C3F1B6A44BD}.Debug|Any CPU.Build.0 = Debug|Any CPU
		{CD2EADAC-8E45-A1EC-B75C-5C3F1B6A44BD}.Release|Any CPU.ActiveCfg = Release|Any CPU
		{CD2EADAC-8E45-A1EC-B75C-5C3F1B6A44BD}.Release|Any CPU.Build.0 = Release|Any CPU
		{E00232E5-AFAB-CCA0-709B-38A48AB0EC27}.Debug|Any CPU.ActiveCfg = Debug|Any CPU
		{E00232E5-AFAB-CCA0-709B-38A48AB0EC27}.Debug|Any CPU.Build.0 = Debug|Any CPU
		{E00232E5-AFAB-CCA0-709B-38A48AB0EC27}.Release|Any CPU.ActiveCfg = Release|Any CPU
		{E00232E5-AFAB-CCA0-709B-38A48AB0EC27}.Release|Any CPU.Build.0 = Release|Any CPU
		{60C42184-4045-8C31-E673-FD365F391B87}.Debug|Any CPU.ActiveCfg = Debug|Any CPU
		{60C42184-4045-8C31-E673-FD365F391B87}.Debug|Any CPU.Build.0 = Debug|Any CPU
		{60C42184-4045-8C31-E673-FD365F391B87}.Release|Any CPU.ActiveCfg = Release|Any CPU
		{60C42184-4045-8C31-E673-FD365F391B87}.Release|Any CPU.Build.0 = Release|Any CPU
		{5CF8F9D0-140E-87D3-6BDB-F1C8FB57E066}.Debug|Any CPU.ActiveCfg = Debug|Any CPU
		{5CF8F9D0-140E-87D3-6BDB-F1C8FB57E066}.Debug|Any CPU.Build.0 = Debug|Any CPU
		{5CF8F9D0-140E-87D3-6BDB-F1C8FB57E066}.Release|Any CPU.ActiveCfg = Release|Any CPU
		{5CF8F9D0-140E-87D3-6BDB-F1C8FB57E066}.Release|Any CPU.Build.0 = Release|Any CPU
		{0BC1FF7A-20FE-01A1-A3ED-D7F52DDD0570}.Debug|Any CPU.ActiveCfg = Debug|Any CPU
		{0BC1FF7A-20FE-01A1-A3ED-D7F52DDD0570}.Debug|Any CPU.Build.0 = Debug|Any CPU
		{0BC1FF7A-20FE-01A1-A3ED-D7F52DDD0570}.Release|Any CPU.ActiveCfg = Release|Any CPU
		{0BC1FF7A-20FE-01A1-A3ED-D7F52DDD0570}.Release|Any CPU.Build.0 = Release|Any CPU
		{4E442956-16BB-271E-7DED-03000CC65D28}.Debug|Any CPU.ActiveCfg = Debug|Any CPU
		{4E442956-16BB-271E-7DED-03000CC65D28}.Debug|Any CPU.Build.0 = Debug|Any CPU
		{4E442956-16BB-271E-7DED-03000CC65D28}.Release|Any CPU.ActiveCfg = Release|Any CPU
		{4E442956-16BB-271E-7DED-03000CC65D28}.Release|Any CPU.Build.0 = Release|Any CPU
		{291CF5E5-ED3B-673A-F386-47DAE204026E}.Debug|Any CPU.ActiveCfg = Debug|Any CPU
		{291CF5E5-ED3B-673A-F386-47DAE204026E}.Debug|Any CPU.Build.0 = Debug|Any CPU
		{291CF5E5-ED3B-673A-F386-47DAE204026E}.Release|Any CPU.ActiveCfg = Release|Any CPU
		{291CF5E5-ED3B-673A-F386-47DAE204026E}.Release|Any CPU.Build.0 = Release|Any CPU
		{B90FA48C-067C-03BD-3A49-528B2483D813}.Debug|Any CPU.ActiveCfg = Debug|Any CPU
		{B90FA48C-067C-03BD-3A49-528B2483D813}.Debug|Any CPU.Build.0 = Debug|Any CPU
		{B90FA48C-067C-03BD-3A49-528B2483D813}.Release|Any CPU.ActiveCfg = Release|Any CPU
		{B90FA48C-067C-03BD-3A49-528B2483D813}.Release|Any CPU.Build.0 = Release|Any CPU
		{1CFE3158-CDAE-A1C2-4C3F-A6EB30C157CD}.Debug|Any CPU.ActiveCfg = Debug|Any CPU
		{1CFE3158-CDAE-A1C2-4C3F-A6EB30C157CD}.Debug|Any CPU.Build.0 = Debug|Any CPU
		{1CFE3158-CDAE-A1C2-4C3F-A6EB30C157CD}.Release|Any CPU.ActiveCfg = Release|Any CPU
		{1CFE3158-CDAE-A1C2-4C3F-A6EB30C157CD}.Release|Any CPU.Build.0 = Release|Any CPU
		{F613C4A5-0028-F293-6959-F5DC0B03DF72}.Debug|Any CPU.ActiveCfg = Debug|Any CPU
		{F613C4A5-0028-F293-6959-F5DC0B03DF72}.Debug|Any CPU.Build.0 = Debug|Any CPU
		{F613C4A5-0028-F293-6959-F5DC0B03DF72}.Release|Any CPU.ActiveCfg = Release|Any CPU
		{F613C4A5-0028-F293-6959-F5DC0B03DF72}.Release|Any CPU.Build.0 = Release|Any CPU
		{BA72A1C8-5A6C-1F24-BE8F-FF24A91BB282}.Debug|Any CPU.ActiveCfg = Debug|Any CPU
		{BA72A1C8-5A6C-1F24-BE8F-FF24A91BB282}.Debug|Any CPU.Build.0 = Debug|Any CPU
		{BA72A1C8-5A6C-1F24-BE8F-FF24A91BB282}.Release|Any CPU.ActiveCfg = Release|Any CPU
		{BA72A1C8-5A6C-1F24-BE8F-FF24A91BB282}.Release|Any CPU.Build.0 = Release|Any CPU
		{82AC8433-988F-9347-72A1-5B67D638E506}.Debug|Any CPU.ActiveCfg = Debug|Any CPU
		{82AC8433-988F-9347-72A1-5B67D638E506}.Debug|Any CPU.Build.0 = Debug|Any CPU
		{82AC8433-988F-9347-72A1-5B67D638E506}.Release|Any CPU.ActiveCfg = Release|Any CPU
		{82AC8433-988F-9347-72A1-5B67D638E506}.Release|Any CPU.Build.0 = Release|Any CPU
		{1472A315-066D-B05C-B0F5-35558912F891}.Debug|Any CPU.ActiveCfg = Debug|Any CPU
		{1472A315-066D-B05C-B0F5-35558912F891}.Debug|Any CPU.Build.0 = Debug|Any CPU
		{1472A315-066D-B05C-B0F5-35558912F891}.Release|Any CPU.ActiveCfg = Release|Any CPU
		{1472A315-066D-B05C-B0F5-35558912F891}.Release|Any CPU.Build.0 = Release|Any CPU
		{66A09A71-6C66-FD5F-2124-881FAFC2EA10}.Debug|Any CPU.ActiveCfg = Debug|Any CPU
		{66A09A71-6C66-FD5F-2124-881FAFC2EA10}.Debug|Any CPU.Build.0 = Debug|Any CPU
		{66A09A71-6C66-FD5F-2124-881FAFC2EA10}.Release|Any CPU.ActiveCfg = Release|Any CPU
		{66A09A71-6C66-FD5F-2124-881FAFC2EA10}.Release|Any CPU.Build.0 = Release|Any CPU
		{3D39FF4E-33E1-815F-BC9D-BF270447227F}.Debug|Any CPU.ActiveCfg = Debug|Any CPU
		{3D39FF4E-33E1-815F-BC9D-BF270447227F}.Debug|Any CPU.Build.0 = Debug|Any CPU
		{3D39FF4E-33E1-815F-BC9D-BF270447227F}.Release|Any CPU.ActiveCfg = Release|Any CPU
		{3D39FF4E-33E1-815F-BC9D-BF270447227F}.Release|Any CPU.Build.0 = Release|Any CPU
		{8F346139-B29E-3BCC-D19C-58D66723A950}.Debug|Any CPU.ActiveCfg = Debug|Any CPU
		{8F346139-B29E-3BCC-D19C-58D66723A950}.Debug|Any CPU.Build.0 = Debug|Any CPU
		{8F346139-B29E-3BCC-D19C-58D66723A950}.Release|Any CPU.ActiveCfg = Release|Any CPU
		{8F346139-B29E-3BCC-D19C-58D66723A950}.Release|Any CPU.Build.0 = Release|Any CPU
		{4FD2AE7A-8501-ACE6-64AB-E3817CE4B1F1}.Debug|Any CPU.ActiveCfg = Debug|Any CPU
		{4FD2AE7A-8501-ACE6-64AB-E3817CE4B1F1}.Debug|Any CPU.Build.0 = Debug|Any CPU
		{4FD2AE7A-8501-ACE6-64AB-E3817CE4B1F1}.Release|Any CPU.ActiveCfg = Release|Any CPU
		{4FD2AE7A-8501-ACE6-64AB-E3817CE4B1F1}.Release|Any CPU.Build.0 = Release|Any CPU
		{CDA500C6-FA7E-D936-BFC0-104C498506A4}.Debug|Any CPU.ActiveCfg = Debug|Any CPU
		{CDA500C6-FA7E-D936-BFC0-104C498506A4}.Debug|Any CPU.Build.0 = Debug|Any CPU
		{CDA500C6-FA7E-D936-BFC0-104C498506A4}.Release|Any CPU.ActiveCfg = Release|Any CPU
		{CDA500C6-FA7E-D936-BFC0-104C498506A4}.Release|Any CPU.Build.0 = Release|Any CPU
		{6E6CFAAA-CD1F-D02E-8C90-E5CE6F4F0AF8}.Debug|Any CPU.ActiveCfg = Debug|Any CPU
		{6E6CFAAA-CD1F-D02E-8C90-E5CE6F4F0AF8}.Debug|Any CPU.Build.0 = Debug|Any CPU
		{6E6CFAAA-CD1F-D02E-8C90-E5CE6F4F0AF8}.Release|Any CPU.ActiveCfg = Release|Any CPU
		{6E6CFAAA-CD1F-D02E-8C90-E5CE6F4F0AF8}.Release|Any CPU.Build.0 = Release|Any CPU
		{7639952F-8864-AA7A-273C-CB08DB466DAC}.Debug|Any CPU.ActiveCfg = Debug|Any CPU
		{7639952F-8864-AA7A-273C-CB08DB466DAC}.Debug|Any CPU.Build.0 = Debug|Any CPU
		{7639952F-8864-AA7A-273C-CB08DB466DAC}.Release|Any CPU.ActiveCfg = Release|Any CPU
		{7639952F-8864-AA7A-273C-CB08DB466DAC}.Release|Any CPU.Build.0 = Release|Any CPU
		{F0BBE8A6-BCBC-F044-611B-1DC2BD0DB222}.Debug|Any CPU.ActiveCfg = Debug|Any CPU
		{F0BBE8A6-BCBC-F044-611B-1DC2BD0DB222}.Debug|Any CPU.Build.0 = Debug|Any CPU
		{F0BBE8A6-BCBC-F044-611B-1DC2BD0DB222}.Release|Any CPU.ActiveCfg = Release|Any CPU
		{F0BBE8A6-BCBC-F044-611B-1DC2BD0DB222}.Release|Any CPU.Build.0 = Release|Any CPU
		{088AD48F-5181-3370-B5E9-DB3440EA153E}.Debug|Any CPU.ActiveCfg = Debug|Any CPU
		{088AD48F-5181-3370-B5E9-DB3440EA153E}.Debug|Any CPU.Build.0 = Debug|Any CPU
		{088AD48F-5181-3370-B5E9-DB3440EA153E}.Release|Any CPU.ActiveCfg = Release|Any CPU
		{088AD48F-5181-3370-B5E9-DB3440EA153E}.Release|Any CPU.Build.0 = Release|Any CPU
		{ADD2E87F-C5C1-5AF8-078D-A679257B1BC4}.Debug|Any CPU.ActiveCfg = Debug|Any CPU
		{ADD2E87F-C5C1-5AF8-078D-A679257B1BC4}.Debug|Any CPU.Build.0 = Debug|Any CPU
		{ADD2E87F-C5C1-5AF8-078D-A679257B1BC4}.Release|Any CPU.ActiveCfg = Release|Any CPU
		{ADD2E87F-C5C1-5AF8-078D-A679257B1BC4}.Release|Any CPU.Build.0 = Release|Any CPU
		{FA233C72-F692-2023-70A7-78ECC12EA930}.Debug|Any CPU.ActiveCfg = Debug|Any CPU
		{FA233C72-F692-2023-70A7-78ECC12EA930}.Debug|Any CPU.Build.0 = Debug|Any CPU
		{FA233C72-F692-2023-70A7-78ECC12EA930}.Release|Any CPU.ActiveCfg = Release|Any CPU
		{FA233C72-F692-2023-70A7-78ECC12EA930}.Release|Any CPU.Build.0 = Release|Any CPU
		{1F06840F-AF0E-E621-1F3F-D7F109475FED}.Debug|Any CPU.ActiveCfg = Debug|Any CPU
		{1F06840F-AF0E-E621-1F3F-D7F109475FED}.Debug|Any CPU.Build.0 = Debug|Any CPU
		{1F06840F-AF0E-E621-1F3F-D7F109475FED}.Release|Any CPU.ActiveCfg = Release|Any CPU
		{1F06840F-AF0E-E621-1F3F-D7F109475FED}.Release|Any CPU.Build.0 = Release|Any CPU
		{B44C3676-511C-86CE-9760-BBB78330ECD0}.Debug|Any CPU.ActiveCfg = Debug|Any CPU
		{B44C3676-511C-86CE-9760-BBB78330ECD0}.Debug|Any CPU.Build.0 = Debug|Any CPU
		{B44C3676-511C-86CE-9760-BBB78330ECD0}.Release|Any CPU.ActiveCfg = Release|Any CPU
		{B44C3676-511C-86CE-9760-BBB78330ECD0}.Release|Any CPU.Build.0 = Release|Any CPU
		{CC19F021-4A38-2F4A-AB80-3F99E59D715D}.Debug|Any CPU.ActiveCfg = Debug|Any CPU
		{CC19F021-4A38-2F4A-AB80-3F99E59D715D}.Debug|Any CPU.Build.0 = Debug|Any CPU
		{CC19F021-4A38-2F4A-AB80-3F99E59D715D}.Release|Any CPU.ActiveCfg = Release|Any CPU
		{CC19F021-4A38-2F4A-AB80-3F99E59D715D}.Release|Any CPU.Build.0 = Release|Any CPU
		{099D1888-E371-C4A3-7001-633484698C88}.Debug|Any CPU.ActiveCfg = Debug|Any CPU
		{099D1888-E371-C4A3-7001-633484698C88}.Debug|Any CPU.Build.0 = Debug|Any CPU
		{099D1888-E371-C4A3-7001-633484698C88}.Release|Any CPU.ActiveCfg = Release|Any CPU
		{099D1888-E371-C4A3-7001-633484698C88}.Release|Any CPU.Build.0 = Release|Any CPU
		{159F6107-2E12-65FC-EC6D-3A8F5B454B6F}.Debug|Any CPU.ActiveCfg = Debug|Any CPU
		{159F6107-2E12-65FC-EC6D-3A8F5B454B6F}.Debug|Any CPU.Build.0 = Debug|Any CPU
		{159F6107-2E12-65FC-EC6D-3A8F5B454B6F}.Release|Any CPU.ActiveCfg = Release|Any CPU
		{159F6107-2E12-65FC-EC6D-3A8F5B454B6F}.Release|Any CPU.Build.0 = Release|Any CPU
		{5E004B51-1037-C4B6-74E5-E25647275CA6}.Debug|Any CPU.ActiveCfg = Debug|Any CPU
		{5E004B51-1037-C4B6-74E5-E25647275CA6}.Debug|Any CPU.Build.0 = Debug|Any CPU
		{5E004B51-1037-C4B6-74E5-E25647275CA6}.Release|Any CPU.ActiveCfg = Release|Any CPU
		{5E004B51-1037-C4B6-74E5-E25647275CA6}.Release|Any CPU.Build.0 = Release|Any CPU
		{0636B659-E46D-A65B-E732-511688204FA9}.Debug|Any CPU.ActiveCfg = Debug|Any CPU
		{0636B659-E46D-A65B-E732-511688204FA9}.Debug|Any CPU.Build.0 = Debug|Any CPU
		{0636B659-E46D-A65B-E732-511688204FA9}.Release|Any CPU.ActiveCfg = Release|Any CPU
		{0636B659-E46D-A65B-E732-511688204FA9}.Release|Any CPU.Build.0 = Release|Any CPU
		{E4127E9C-D970-4D52-83E7-E9061BF20CEB}.Debug|Any CPU.ActiveCfg = Debug|Any CPU
		{E4127E9C-D970-4D52-83E7-E9061BF20CEB}.Debug|Any CPU.Build.0 = Debug|Any CPU
		{E4127E9C-D970-4D52-83E7-E9061BF20CEB}.Release|Any CPU.ActiveCfg = Release|Any CPU
		{E4127E9C-D970-4D52-83E7-E9061BF20CEB}.Release|Any CPU.Build.0 = Release|Any CPU
		{40A900E3-202A-639F-238F-961E79C1E5F3}.Debug|Any CPU.ActiveCfg = Debug|Any CPU
		{40A900E3-202A-639F-238F-961E79C1E5F3}.Debug|Any CPU.Build.0 = Debug|Any CPU
		{40A900E3-202A-639F-238F-961E79C1E5F3}.Release|Any CPU.ActiveCfg = Release|Any CPU
		{40A900E3-202A-639F-238F-961E79C1E5F3}.Release|Any CPU.Build.0 = Release|Any CPU
		{A2105FB8-384D-4755-8156-5487B39FFFD6}.Debug|Any CPU.ActiveCfg = Debug|Any CPU
		{A2105FB8-384D-4755-8156-5487B39FFFD6}.Debug|Any CPU.Build.0 = Debug|Any CPU
		{A2105FB8-384D-4755-8156-5487B39FFFD6}.Release|Any CPU.ActiveCfg = Release|Any CPU
		{A2105FB8-384D-4755-8156-5487B39FFFD6}.Release|Any CPU.Build.0 = Release|Any CPU
		{5311B6AB-CF35-C182-81F0-C0DA23427F28}.Debug|Any CPU.ActiveCfg = Debug|Any CPU
		{5311B6AB-CF35-C182-81F0-C0DA23427F28}.Debug|Any CPU.Build.0 = Debug|Any CPU
		{5311B6AB-CF35-C182-81F0-C0DA23427F28}.Release|Any CPU.ActiveCfg = Release|Any CPU
		{5311B6AB-CF35-C182-81F0-C0DA23427F28}.Release|Any CPU.Build.0 = Release|Any CPU
		{E5A96A78-9837-CCB3-DAC6-325CBF423843}.Debug|Any CPU.ActiveCfg = Debug|Any CPU
		{E5A96A78-9837-CCB3-DAC6-325CBF423843}.Debug|Any CPU.Build.0 = Debug|Any CPU
		{E5A96A78-9837-CCB3-DAC6-325CBF423843}.Release|Any CPU.ActiveCfg = Release|Any CPU
		{E5A96A78-9837-CCB3-DAC6-325CBF423843}.Release|Any CPU.Build.0 = Release|Any CPU
		{7C1F1CD2-09A1-BD2B-20CE-52631B8A4FB5}.Debug|Any CPU.ActiveCfg = Debug|Any CPU
		{7C1F1CD2-09A1-BD2B-20CE-52631B8A4FB5}.Debug|Any CPU.Build.0 = Debug|Any CPU
		{7C1F1CD2-09A1-BD2B-20CE-52631B8A4FB5}.Release|Any CPU.ActiveCfg = Release|Any CPU
		{7C1F1CD2-09A1-BD2B-20CE-52631B8A4FB5}.Release|Any CPU.Build.0 = Release|Any CPU
		{057C0000-7C70-54A6-A212-B5549ED53371}.Debug|Any CPU.ActiveCfg = Debug|Any CPU
		{057C0000-7C70-54A6-A212-B5549ED53371}.Debug|Any CPU.Build.0 = Debug|Any CPU
		{057C0000-7C70-54A6-A212-B5549ED53371}.Release|Any CPU.ActiveCfg = Release|Any CPU
		{057C0000-7C70-54A6-A212-B5549ED53371}.Release|Any CPU.Build.0 = Release|Any CPU
		{6B21C1B4-6388-5BA8-8110-C3F827B10CC9}.Debug|Any CPU.ActiveCfg = Debug|Any CPU
		{6B21C1B4-6388-5BA8-8110-C3F827B10CC9}.Debug|Any CPU.Build.0 = Debug|Any CPU
		{6B21C1B4-6388-5BA8-8110-C3F827B10CC9}.Release|Any CPU.ActiveCfg = Release|Any CPU
		{6B21C1B4-6388-5BA8-8110-C3F827B10CC9}.Release|Any CPU.Build.0 = Release|Any CPU
	EndGlobalSection
	GlobalSection(SolutionProperties) = preSolution
		HideSolutionNode = FALSE
	EndGlobalSection
EndGlobal
